{
  "name": "scandium",
  "version": "1.0.0-alpha.23",
  "lockfileVersion": 1,
  "requires": true,
  "dependencies": {
    "amend-object": {
      "version": "1.0.0",
      "resolved": "https://registry.npmjs.org/amend-object/-/amend-object-1.0.0.tgz",
      "integrity": "sha512-VxOZcjRpAJFxVPkZcoYjVgpUjIefR+ssOdMp4mTl/nI6TFz+pxAKPOAQ8lVNO7CXwETMU1t6AOW5Fq7OfNWp+Q=="
    },
    "ansi-escapes": {
      "version": "1.4.0",
      "resolved": "https://registry.npmjs.org/ansi-escapes/-/ansi-escapes-1.4.0.tgz",
      "integrity": "sha1-06ioOzGapneTZisT52HHkRQiMG4="
    },
    "ansi-regex": {
      "version": "2.1.1",
      "resolved": "https://registry.npmjs.org/ansi-regex/-/ansi-regex-2.1.1.tgz",
      "integrity": "sha1-w7M6te42DYbg5ijwRorn7yfWVN8="
    },
    "ansi-styles": {
      "version": "2.2.1",
      "resolved": "https://registry.npmjs.org/ansi-styles/-/ansi-styles-2.2.1.tgz",
      "integrity": "sha1-tDLdM1i2NM914eRmQ2gkBTPB3b4="
    },
    "any-observable": {
      "version": "0.2.0",
      "resolved": "https://registry.npmjs.org/any-observable/-/any-observable-0.2.0.tgz",
      "integrity": "sha1-xnhwBYADV5AJCD9UrAq6+1wz0kI="
    },
    "argparse": {
      "version": "1.0.9",
      "resolved": "https://registry.npmjs.org/argparse/-/argparse-1.0.9.tgz",
      "integrity": "sha1-c9g7wmP4bpf4zE9rrhsOkKfSLIY=",
      "requires": {
        "sprintf-js": "1.0.3"
      }
    },
    "aws-arn-parser": {
      "version": "1.0.0",
      "resolved": "https://registry.npmjs.org/aws-arn-parser/-/aws-arn-parser-1.0.0.tgz",
      "integrity": "sha1-ZHvgMMhPH43/nJbZ2PpgNIaehKI="
    },
    "aws-has-region": {
      "version": "1.0.0",
      "resolved": "https://registry.npmjs.org/aws-has-region/-/aws-has-region-1.0.0.tgz",
      "integrity": "sha512-kAo6ICxS9P89efI1cInQtMI0BQysnrK0aV3HbQ8k76EEpBddIkvb2chbcx9tmXD8/SM3kqq3EKIwguqVSrmy6w=="
    },
    "aws-sdk": {
      "version": "2.97.0",
      "resolved": "https://registry.npmjs.org/aws-sdk/-/aws-sdk-2.97.0.tgz",
      "integrity": "sha1-WxbfHWOMGQ8PRgvO76oEe4qdIg4=",
      "requires": {
        "buffer": "4.9.1",
        "crypto-browserify": "1.0.9",
        "events": "1.1.1",
        "jmespath": "0.15.0",
        "querystring": "0.2.0",
        "sax": "1.2.1",
        "url": "0.10.3",
        "uuid": "3.0.1",
        "xml2js": "0.4.17",
        "xmlbuilder": "4.2.1"
      }
    },
    "base64-js": {
      "version": "1.2.1",
      "resolved": "https://registry.npmjs.org/base64-js/-/base64-js-1.2.1.tgz",
      "integrity": "sha512-dwVUVIXsBZXwTuwnXI9RK8sBmgq09NDHzyR9SAph9eqk76gKK2JSQmZARC2zRC81JC2QTtxD0ARU5qTS25gIGw=="
    },
    "buffer": {
      "version": "4.9.1",
      "resolved": "https://registry.npmjs.org/buffer/-/buffer-4.9.1.tgz",
      "integrity": "sha1-bRu2AbB6TvztlwlBMgkwJ8lbwpg=",
      "requires": {
        "base64-js": "1.2.1",
        "ieee754": "1.1.8",
        "isarray": "1.0.0"
      }
    },
    "bytes": {
      "version": "3.0.0",
      "resolved": "https://registry.npmjs.org/bytes/-/bytes-3.0.0.tgz",
      "integrity": "sha1-0ygVQE1olpn4Wk6k+odV3ROpYEg="
    },
    "chalk": {
      "version": "1.1.3",
      "resolved": "https://registry.npmjs.org/chalk/-/chalk-1.1.3.tgz",
      "integrity": "sha1-qBFcVeSnAv5NFQq9OHKCKn4J/Jg=",
      "requires": {
        "ansi-styles": "2.2.1",
        "escape-string-regexp": "1.0.5",
        "has-ansi": "2.0.0",
        "strip-ansi": "3.0.1",
        "supports-color": "2.0.0"
      }
    },
    "ci-info": {
      "version": "1.1.2",
      "resolved": "https://registry.npmjs.org/ci-info/-/ci-info-1.1.2.tgz",
      "integrity": "sha512-uTGIPNx/nSpBdsF6xnseRXLLtfr9VLqkz8ZqHXr3Y7b6SftyRxBGjwMtJj1OhNbmlc1wZzLNAlAcvyIiE8a6ZA=="
    },
    "cli-truncate": {
      "version": "0.2.1",
      "resolved": "https://registry.npmjs.org/cli-truncate/-/cli-truncate-0.2.1.tgz",
      "integrity": "sha1-nxXPuwcFAFNpIWxiasfQWrkN1XQ=",
      "requires": {
        "slice-ansi": "0.0.4",
        "string-width": "1.0.2"
      }
    },
    "code-point-at": {
      "version": "1.1.0",
      "resolved": "https://registry.npmjs.org/code-point-at/-/code-point-at-1.1.0.tgz",
      "integrity": "sha1-DQcLTQQ6W+ozovGkDi7bPZpMz3c="
    },
    "cp-file": {
      "version": "4.2.0",
      "resolved": "https://registry.npmjs.org/cp-file/-/cp-file-4.2.0.tgz",
      "integrity": "sha1-cVNhZjtx7eC23dvDyA4roC5yXsM=",
      "requires": {
        "graceful-fs": "4.1.11",
        "make-dir": "1.0.0",
        "nested-error-stacks": "2.0.0",
        "pify": "2.3.0",
        "safe-buffer": "5.1.1"
      }
    },
    "cross-spawn": {
      "version": "5.1.0",
      "resolved": "https://registry.npmjs.org/cross-spawn/-/cross-spawn-5.1.0.tgz",
      "integrity": "sha1-6L0O/uWPz/b4+UUQoKVUu/ojVEk=",
      "requires": {
        "lru-cache": "4.1.1",
        "shebang-command": "1.2.0",
        "which": "1.3.0"
      }
    },
    "crypto-browserify": {
      "version": "1.0.9",
      "resolved": "https://registry.npmjs.org/crypto-browserify/-/crypto-browserify-1.0.9.tgz",
      "integrity": "sha1-zFRJaF37hesRyYKKzHy4erW7/MA="
    },
    "date-fns": {
      "version": "1.29.0",
      "resolved": "https://registry.npmjs.org/date-fns/-/date-fns-1.29.0.tgz",
      "integrity": "sha512-lbTXWZ6M20cWH8N9S6afb0SBm6tMk+uUg6z3MqHPKE9atmsY3kJkTm8vKe93izJ2B2+q5MV990sM2CHgtAZaOw=="
    },
    "dotenv": {
      "version": "5.0.0",
      "resolved": "https://registry.npmjs.org/dotenv/-/dotenv-5.0.0.tgz",
      "integrity": "sha512-p4A7snaxI9Hnj3GDWhTpckHYcd9WwZDmGPcvJJV3CoRFq0Dvsp96eYgXBl9WbmbJfuxqiZ2WenNaeWSs675ghQ=="
    },
    "elegant-spinner": {
      "version": "1.0.1",
      "resolved": "https://registry.npmjs.org/elegant-spinner/-/elegant-spinner-1.0.1.tgz",
      "integrity": "sha1-2wQ1IcldfjA/2PNFvtwzSc+wcp4="
    },
    "error-ex": {
      "version": "1.3.1",
      "resolved": "https://registry.npmjs.org/error-ex/-/error-ex-1.3.1.tgz",
      "integrity": "sha1-+FWobOYa3E6GIcPNoh56dhLDqNw=",
      "requires": {
        "is-arrayish": "0.2.1"
      }
    },
    "escape-string-regexp": {
      "version": "1.0.5",
      "resolved": "https://registry.npmjs.org/escape-string-regexp/-/escape-string-regexp-1.0.5.tgz",
      "integrity": "sha1-G2HAViGQqN/2rjuyzwIAyhMLhtQ="
    },
    "esprima": {
      "version": "4.0.0",
      "resolved": "https://registry.npmjs.org/esprima/-/esprima-4.0.0.tgz",
      "integrity": "sha512-oftTcaMu/EGrEIu904mWteKIv8vMuOgGYo7EhVJJN00R/EED9DCua/xxHRdYnKtcECzVg7xOWhflvJMnqcFZjw=="
    },
    "events": {
      "version": "1.1.1",
      "resolved": "https://registry.npmjs.org/events/-/events-1.1.1.tgz",
      "integrity": "sha1-nr23Y1rQmccNzEwqH1AEKI6L2SQ="
    },
    "execa": {
      "version": "0.8.0",
      "resolved": "https://registry.npmjs.org/execa/-/execa-0.8.0.tgz",
      "integrity": "sha1-2NdrvBtVIX7RkP1t1J08d07PyNo=",
      "requires": {
        "cross-spawn": "5.1.0",
        "get-stream": "3.0.0",
        "is-stream": "1.1.0",
        "npm-run-path": "2.0.2",
        "p-finally": "1.0.0",
        "signal-exit": "3.0.2",
        "strip-eof": "1.0.0"
      }
    },
    "exit-hook": {
      "version": "1.1.1",
      "resolved": "https://registry.npmjs.org/exit-hook/-/exit-hook-1.1.1.tgz",
      "integrity": "sha1-8FyiM7SMBdVP/wd2XfhQfpXAL/g="
    },
    "figures": {
      "version": "1.7.0",
      "resolved": "https://registry.npmjs.org/figures/-/figures-1.7.0.tgz",
      "integrity": "sha1-y+Hjr/zxzUS4DK3+0o3Hk6lwHS4=",
      "requires": {
        "escape-string-regexp": "1.0.5",
        "object-assign": "4.1.1"
      }
    },
    "get-stream": {
      "version": "3.0.0",
      "resolved": "https://registry.npmjs.org/get-stream/-/get-stream-3.0.0.tgz",
      "integrity": "sha1-jpQ9E1jcN1VQVOy+LtsFqhdO3hQ="
    },
    "graceful-fs": {
      "version": "4.1.11",
      "resolved": "https://registry.npmjs.org/graceful-fs/-/graceful-fs-4.1.11.tgz",
      "integrity": "sha1-Dovf5NHduIVNZOBOp8AOKgJuVlg="
    },
    "has-ansi": {
      "version": "2.0.0",
      "resolved": "https://registry.npmjs.org/has-ansi/-/has-ansi-2.0.0.tgz",
      "integrity": "sha1-NPUEnOHs3ysGSa8+8k5F7TVBbZE=",
      "requires": {
        "ansi-regex": "2.1.1"
      }
    },
    "ieee754": {
      "version": "1.1.8",
      "resolved": "https://registry.npmjs.org/ieee754/-/ieee754-1.1.8.tgz",
      "integrity": "sha1-vjPUCsEO8ZJnAfbwii2G+/0a0+Q="
    },
    "imurmurhash": {
      "version": "0.1.4",
      "resolved": "https://registry.npmjs.org/imurmurhash/-/imurmurhash-0.1.4.tgz",
      "integrity": "sha1-khi5srkoojixPcT7a21XbyMUU+o="
    },
    "indent-string": {
      "version": "2.1.0",
      "resolved": "https://registry.npmjs.org/indent-string/-/indent-string-2.1.0.tgz",
      "integrity": "sha1-ji1INIdCEhtKghi3oTfppSBJ3IA=",
      "requires": {
        "repeating": "2.0.1"
      }
    },
    "inherits": {
      "version": "2.0.3",
      "resolved": "https://registry.npmjs.org/inherits/-/inherits-2.0.3.tgz",
      "integrity": "sha1-Yzwsg+PaQqUC9SRmAiSA9CCCYd4="
    },
    "is-arrayish": {
      "version": "0.2.1",
      "resolved": "https://registry.npmjs.org/is-arrayish/-/is-arrayish-0.2.1.tgz",
      "integrity": "sha1-d8mYQFJ6qOyxqLppe4BkWnqSap0="
    },
    "is-ci": {
      "version": "1.1.0",
      "resolved": "https://registry.npmjs.org/is-ci/-/is-ci-1.1.0.tgz",
      "integrity": "sha512-c7TnwxLePuqIlxHgr7xtxzycJPegNHFuIrBkwbf8hc58//+Op1CqFkyS+xnIMkwn9UsJIwc174BIjkyBmSpjKg==",
      "requires": {
        "ci-info": "1.1.2"
      }
    },
    "is-finite": {
      "version": "1.0.2",
      "resolved": "https://registry.npmjs.org/is-finite/-/is-finite-1.0.2.tgz",
      "integrity": "sha1-zGZ3aVYCvlUO8R6LSqYwU0K20Ko=",
      "requires": {
        "number-is-nan": "1.0.1"
      }
    },
    "is-fullwidth-code-point": {
      "version": "1.0.0",
      "resolved": "https://registry.npmjs.org/is-fullwidth-code-point/-/is-fullwidth-code-point-1.0.0.tgz",
      "integrity": "sha1-754xOG8DGn8NZDr4L95QxFfvAMs=",
      "requires": {
        "number-is-nan": "1.0.1"
      }
    },
    "is-observable": {
      "version": "0.2.0",
      "resolved": "https://registry.npmjs.org/is-observable/-/is-observable-0.2.0.tgz",
      "integrity": "sha1-s2ExHYPG5dcmyr9eJQsCNxBvWuI=",
      "requires": {
        "symbol-observable": "0.2.4"
      }
    },
    "is-promise": {
      "version": "2.1.0",
      "resolved": "https://registry.npmjs.org/is-promise/-/is-promise-2.1.0.tgz",
      "integrity": "sha1-eaKp7OfwlugPNtKy87wWwf9L8/o="
    },
    "is-stream": {
      "version": "1.1.0",
      "resolved": "https://registry.npmjs.org/is-stream/-/is-stream-1.1.0.tgz",
      "integrity": "sha1-EtSj3U5o4Lec6428hBc66A2RykQ="
    },
    "isarray": {
      "version": "1.0.0",
      "resolved": "https://registry.npmjs.org/isarray/-/isarray-1.0.0.tgz",
      "integrity": "sha1-u5NdSFgsuhaMBoNJV6VKPgcSTxE="
    },
    "isexe": {
      "version": "2.0.0",
      "resolved": "https://registry.npmjs.org/isexe/-/isexe-2.0.0.tgz",
      "integrity": "sha1-6PvzdNxVb/iUehDcsFctYz8s+hA="
    },
    "jmespath": {
      "version": "0.15.0",
      "resolved": "https://registry.npmjs.org/jmespath/-/jmespath-0.15.0.tgz",
      "integrity": "sha1-o/Iiqarp+Wb10nx5ZRDigJF2Qhc="
    },
    "js-yaml": {
      "version": "3.9.1",
      "resolved": "https://registry.npmjs.org/js-yaml/-/js-yaml-3.9.1.tgz",
      "integrity": "sha512-CbcG379L1e+mWBnLvHWWeLs8GyV/EMw862uLI3c+GxVyDHWZcjZinwuBd3iW2pgxgIlksW/1vNJa4to+RvDOww==",
      "requires": {
        "argparse": "1.0.9",
        "esprima": "4.0.0"
      }
    },
    "listr": {
      "version": "0.13.0",
      "resolved": "https://registry.npmjs.org/listr/-/listr-0.13.0.tgz",
      "integrity": "sha1-ILsLowuuZg7oTMBQPfS+PVYjiH0=",
      "requires": {
        "chalk": "1.1.3",
        "cli-truncate": "0.2.1",
        "figures": "1.7.0",
        "indent-string": "2.1.0",
        "is-observable": "0.2.0",
        "is-promise": "2.1.0",
        "is-stream": "1.1.0",
        "listr-silent-renderer": "1.1.1",
        "listr-update-renderer": "0.4.0",
        "listr-verbose-renderer": "0.4.1",
        "log-symbols": "1.0.2",
        "log-update": "1.0.2",
        "ora": "0.2.3",
        "p-map": "1.2.0",
        "rxjs": "5.5.6",
        "stream-to-observable": "0.2.0",
        "strip-ansi": "3.0.1"
      },
      "dependencies": {
        "cli-cursor": {
          "version": "1.0.2",
          "resolved": "https://registry.npmjs.org/cli-cursor/-/cli-cursor-1.0.2.tgz",
          "integrity": "sha1-ZNo/fValRBLll5S9Ytw1KV6PKYc=",
          "requires": {
            "restore-cursor": "1.0.1"
          }
        },
        "cli-spinners": {
          "version": "0.1.2",
          "resolved": "https://registry.npmjs.org/cli-spinners/-/cli-spinners-0.1.2.tgz",
          "integrity": "sha1-u3ZNiOGF+54eaiofGXcjGPYF4xw="
        },
        "onetime": {
          "version": "1.1.0",
          "resolved": "https://registry.npmjs.org/onetime/-/onetime-1.1.0.tgz",
          "integrity": "sha1-ofeDj4MUxRbwXs78vEzP4EtO14k="
        },
        "ora": {
          "version": "0.2.3",
          "resolved": "https://registry.npmjs.org/ora/-/ora-0.2.3.tgz",
          "integrity": "sha1-N1J9Igrc1Tw5tzVx11QVbV22V6Q=",
          "requires": {
            "chalk": "1.1.3",
            "cli-cursor": "1.0.2",
            "cli-spinners": "0.1.2",
            "object-assign": "4.1.1"
          }
        },
        "restore-cursor": {
          "version": "1.0.1",
          "resolved": "https://registry.npmjs.org/restore-cursor/-/restore-cursor-1.0.1.tgz",
          "integrity": "sha1-NGYfRohjJ/7SmRR5FSJS35LapUE=",
          "requires": {
            "exit-hook": "1.1.1",
            "onetime": "1.1.0"
          }
        }
      }
    },
    "listr-silent-renderer": {
      "version": "1.1.1",
      "resolved": "https://registry.npmjs.org/listr-silent-renderer/-/listr-silent-renderer-1.1.1.tgz",
      "integrity": "sha1-kktaN1cVN3C/Go4/v3S4u/P5JC4="
    },
    "listr-update-renderer": {
      "version": "0.4.0",
      "resolved": "https://registry.npmjs.org/listr-update-renderer/-/listr-update-renderer-0.4.0.tgz",
      "integrity": "sha1-NE2YDaLKLosUW6MFkI8yrj9MyKc=",
      "requires": {
        "chalk": "1.1.3",
        "cli-truncate": "0.2.1",
        "elegant-spinner": "1.0.1",
        "figures": "1.7.0",
        "indent-string": "3.2.0",
        "log-symbols": "1.0.2",
        "log-update": "1.0.2",
        "strip-ansi": "3.0.1"
      },
      "dependencies": {
        "indent-string": {
          "version": "3.2.0",
          "resolved": "https://registry.npmjs.org/indent-string/-/indent-string-3.2.0.tgz",
          "integrity": "sha1-Sl/W0nzDMvN+VBmlBNu4NxBckok="
        }
      }
    },
    "listr-verbose-renderer": {
      "version": "0.4.1",
      "resolved": "https://registry.npmjs.org/listr-verbose-renderer/-/listr-verbose-renderer-0.4.1.tgz",
      "integrity": "sha1-ggb0z21S3cWCfl/RSYng6WWTOjU=",
      "requires": {
        "chalk": "1.1.3",
        "cli-cursor": "1.0.2",
        "date-fns": "1.29.0",
        "figures": "1.7.0"
      },
      "dependencies": {
        "cli-cursor": {
          "version": "1.0.2",
          "resolved": "https://registry.npmjs.org/cli-cursor/-/cli-cursor-1.0.2.tgz",
          "integrity": "sha1-ZNo/fValRBLll5S9Ytw1KV6PKYc=",
          "requires": {
            "restore-cursor": "1.0.1"
          }
        },
        "onetime": {
          "version": "1.1.0",
          "resolved": "https://registry.npmjs.org/onetime/-/onetime-1.1.0.tgz",
          "integrity": "sha1-ofeDj4MUxRbwXs78vEzP4EtO14k="
        },
        "restore-cursor": {
          "version": "1.0.1",
          "resolved": "https://registry.npmjs.org/restore-cursor/-/restore-cursor-1.0.1.tgz",
          "integrity": "sha1-NGYfRohjJ/7SmRR5FSJS35LapUE=",
          "requires": {
            "exit-hook": "1.1.1",
            "onetime": "1.1.0"
          }
        }
      }
    },
    "load-json-file": {
      "version": "2.0.0",
      "resolved": "https://registry.npmjs.org/load-json-file/-/load-json-file-2.0.0.tgz",
      "integrity": "sha1-eUfkIUmvgNaWy/eXvKq8/h/inKg=",
      "requires": {
        "graceful-fs": "4.1.11",
        "parse-json": "2.2.0",
        "pify": "2.3.0",
        "strip-bom": "3.0.0"
      }
    },
    "load-yaml-file": {
      "version": "0.1.0",
      "resolved": "https://registry.npmjs.org/load-yaml-file/-/load-yaml-file-0.1.0.tgz",
      "integrity": "sha1-9oAGbmkbPutFAXZy5KOVavW4O4k=",
      "requires": {
        "graceful-fs": "4.1.11",
        "js-yaml": "3.9.1",
        "pify": "2.3.0",
        "strip-bom": "3.0.0"
      }
    },
    "lodash": {
      "version": "4.17.4",
      "resolved": "https://registry.npmjs.org/lodash/-/lodash-4.17.4.tgz",
      "integrity": "sha1-eCA6TRwyiuHYbcpkYONptX9AVa4="
    },
    "log-symbols": {
      "version": "1.0.2",
      "resolved": "https://registry.npmjs.org/log-symbols/-/log-symbols-1.0.2.tgz",
      "integrity": "sha1-N2/3tY6jCGoPCfrMdGF+ylAeGhg=",
      "requires": {
        "chalk": "1.1.3"
      }
    },
    "log-update": {
      "version": "1.0.2",
      "resolved": "https://registry.npmjs.org/log-update/-/log-update-1.0.2.tgz",
      "integrity": "sha1-GZKfZMQJPS0ucHWh2tivWcKWuNE=",
      "requires": {
        "ansi-escapes": "1.4.0",
        "cli-cursor": "1.0.2"
      },
      "dependencies": {
        "cli-cursor": {
          "version": "1.0.2",
          "resolved": "https://registry.npmjs.org/cli-cursor/-/cli-cursor-1.0.2.tgz",
          "integrity": "sha1-ZNo/fValRBLll5S9Ytw1KV6PKYc=",
          "requires": {
            "restore-cursor": "1.0.1"
          }
        },
        "onetime": {
          "version": "1.1.0",
          "resolved": "https://registry.npmjs.org/onetime/-/onetime-1.1.0.tgz",
          "integrity": "sha1-ofeDj4MUxRbwXs78vEzP4EtO14k="
        },
        "restore-cursor": {
          "version": "1.0.1",
          "resolved": "https://registry.npmjs.org/restore-cursor/-/restore-cursor-1.0.1.tgz",
          "integrity": "sha1-NGYfRohjJ/7SmRR5FSJS35LapUE=",
          "requires": {
            "exit-hook": "1.1.1",
            "onetime": "1.1.0"
          }
        }
      }
    },
    "lru-cache": {
      "version": "4.1.1",
      "resolved": "https://registry.npmjs.org/lru-cache/-/lru-cache-4.1.1.tgz",
      "integrity": "sha512-q4spe4KTfsAS1SUHLO0wz8Qiyf1+vMIAgpRYioFYDMNqKfHQbg+AVDH3i4fvpl71/P1L0dBl+fQi+P37UYf0ew==",
      "requires": {
        "pseudomap": "1.0.2",
        "yallist": "2.1.2"
      }
    },
    "make-dir": {
      "version": "1.0.0",
      "resolved": "https://registry.npmjs.org/make-dir/-/make-dir-1.0.0.tgz",
      "integrity": "sha1-l6ARdR6R3YfPre9Ygy67BJNt6Xg=",
      "requires": {
        "pify": "2.3.0"
      }
    },
    "neodoc": {
      "version": "2.0.0",
      "resolved": "https://registry.npmjs.org/neodoc/-/neodoc-2.0.0.tgz",
      "integrity": "sha512-jnFsE8vHuE7rTrGT+uJMTr3pXLzLQXXillfvPWWlY8ucCCnncsrI4p9rE2+j/b6CDiIF+YEnxf1wwIdksK8cWA==",
      "requires": {
        "ansi-regex": "2.1.1"
      }
    },
    "nested-error-stacks": {
      "version": "2.0.0",
      "resolved": "https://registry.npmjs.org/nested-error-stacks/-/nested-error-stacks-2.0.0.tgz",
      "integrity": "sha1-mLL/rvtGEPo5NvHnFDXTBwDeKEA=",
      "requires": {
        "inherits": "2.0.3"
      }
    },
    "npm-run-path": {
      "version": "2.0.2",
      "resolved": "https://registry.npmjs.org/npm-run-path/-/npm-run-path-2.0.2.tgz",
      "integrity": "sha1-NakjLfo11wZ7TLLd8jV7GHFTbF8=",
      "requires": {
        "path-key": "2.0.1"
      }
    },
    "number-is-nan": {
      "version": "1.0.1",
      "resolved": "https://registry.npmjs.org/number-is-nan/-/number-is-nan-1.0.1.tgz",
      "integrity": "sha1-CXtgK1NCKlIsGvuHkDGDNpQaAR0="
    },
    "object-assign": {
      "version": "4.1.1",
      "resolved": "https://registry.npmjs.org/object-assign/-/object-assign-4.1.1.tgz",
      "integrity": "sha1-IQmtx5ZYh8/AXLvUQsrIv7s2CGM="
    },
    "p-finally": {
      "version": "1.0.0",
      "resolved": "https://registry.npmjs.org/p-finally/-/p-finally-1.0.0.tgz",
      "integrity": "sha1-P7z7FbiZpEEjs0ttzBi3JDNqLK4="
    },
    "p-map": {
      "version": "1.2.0",
      "resolved": "https://registry.npmjs.org/p-map/-/p-map-1.2.0.tgz",
      "integrity": "sha512-r6zKACMNhjPJMTl8KcFH4li//gkrXWfbD6feV8l6doRHlzljFWGJ2AP6iKaCJXyZmAUMOPtvbW7EXkbWO/pLEA=="
    },
    "parse-json": {
      "version": "2.2.0",
      "resolved": "https://registry.npmjs.org/parse-json/-/parse-json-2.2.0.tgz",
      "integrity": "sha1-9ID0BDTvgHQfhGkJn43qGPVaTck=",
      "requires": {
        "error-ex": "1.3.1"
      }
    },
    "parse-key-value-pair": {
      "version": "1.0.0",
      "resolved": "https://registry.npmjs.org/parse-key-value-pair/-/parse-key-value-pair-1.0.0.tgz",
      "integrity": "sha512-vODgY9/zVBgNaoE0MOxF1ok9riqdowz6G3yOPsK68TqXYPscz5G2ixefCmIMHx7+tBYadks+kN/4+JwYrk35pg=="
    },
    "path-exists": {
      "version": "3.0.0",
      "resolved": "https://registry.npmjs.org/path-exists/-/path-exists-3.0.0.tgz",
      "integrity": "sha1-zg6+ql94yxiSXqfYENe1mwEP1RU="
    },
    "path-key": {
      "version": "2.0.1",
      "resolved": "https://registry.npmjs.org/path-key/-/path-key-2.0.1.tgz",
      "integrity": "sha1-QRyttXTFoUDTpLGRDUDYDMn0C0A="
    },
    "pify": {
      "version": "2.3.0",
      "resolved": "https://registry.npmjs.org/pify/-/pify-2.3.0.tgz",
      "integrity": "sha1-7RQaasBDqEnqWISY59yosVMw6Qw="
    },
    "pseudomap": {
      "version": "1.0.2",
      "resolved": "https://registry.npmjs.org/pseudomap/-/pseudomap-1.0.2.tgz",
      "integrity": "sha1-8FKijacOYYkX7wqKw0wa5aaChrM="
    },
    "punycode": {
      "version": "1.3.2",
      "resolved": "https://registry.npmjs.org/punycode/-/punycode-1.3.2.tgz",
      "integrity": "sha1-llOgNvt8HuQjQvIyXM7v6jkmxI0="
    },
    "querystring": {
      "version": "0.2.0",
      "resolved": "https://registry.npmjs.org/querystring/-/querystring-0.2.0.tgz",
      "integrity": "sha1-sgmEkgO7Jd+CDadW50cAWHhSFiA="
    },
    "repeating": {
      "version": "2.0.1",
      "resolved": "https://registry.npmjs.org/repeating/-/repeating-2.0.1.tgz",
      "integrity": "sha1-UhTFOpJtNVJwdSf7q0FdvAjQbdo=",
      "requires": {
        "is-finite": "1.0.2"
      }
    },
    "rm-file": {
      "version": "1.0.0",
      "resolved": "https://registry.npmjs.org/rm-file/-/rm-file-1.0.0.tgz",
      "integrity": "sha512-YyVcKXHVRaMc2EfT6MYQF9idFQd3xY2W39LALk+DEkzEh8FAQAr/GQqmwclvn3pMfE0aIJ9gQ1Gnv8aiNiaEdA==",
      "requires": {
        "nested-error-stacks": "2.0.0"
      }
    },
    "rxjs": {
      "version": "5.5.6",
      "resolved": "https://registry.npmjs.org/rxjs/-/rxjs-5.5.6.tgz",
      "integrity": "sha512-v4Q5HDC0FHAQ7zcBX7T2IL6O5ltl1a2GX4ENjPXg6SjDY69Cmx9v4113C99a4wGF16ClPv5Z8mghuYorVkg/kg==",
      "requires": {
        "symbol-observable": "1.0.1"
      },
      "dependencies": {
        "symbol-observable": {
          "version": "1.0.1",
          "resolved": "https://registry.npmjs.org/symbol-observable/-/symbol-observable-1.0.1.tgz",
          "integrity": "sha1-g0D8RwLDEi310iKI+IKD9RPT/dQ="
        }
      }
    },
    "safe-buffer": {
      "version": "5.1.1",
      "resolved": "https://registry.npmjs.org/safe-buffer/-/safe-buffer-5.1.1.tgz",
      "integrity": "sha512-kKvNJn6Mm93gAczWVJg7wH+wGYWNrDHdWvpUmHyEsgCtIwwo3bqPtV4tR5tuPaUhTOo/kvhVwd8XwwOllGYkbg=="
    },
    "sax": {
      "version": "1.2.1",
      "resolved": "https://registry.npmjs.org/sax/-/sax-1.2.1.tgz",
      "integrity": "sha1-e45lYZCyKOgaZq6nSEgNgozS03o="
    },
    "shebang-command": {
      "version": "1.2.0",
      "resolved": "https://registry.npmjs.org/shebang-command/-/shebang-command-1.2.0.tgz",
      "integrity": "sha1-RKrGW2lbAzmJaMOfNj/uXer98eo=",
      "requires": {
        "shebang-regex": "1.0.0"
      }
    },
    "shebang-regex": {
      "version": "1.0.0",
      "resolved": "https://registry.npmjs.org/shebang-regex/-/shebang-regex-1.0.0.tgz",
      "integrity": "sha1-2kL0l0DAtC2yypcoVxyxkMmO/qM="
    },
    "shortid": {
      "version": "2.2.8",
      "resolved": "https://registry.npmjs.org/shortid/-/shortid-2.2.8.tgz",
      "integrity": "sha1-AzsRfWoul1gE9vCWnb59PQs1UTE="
    },
    "signal-exit": {
      "version": "3.0.2",
      "resolved": "https://registry.npmjs.org/signal-exit/-/signal-exit-3.0.2.tgz",
      "integrity": "sha1-tf3AjxKH6hF4Yo5BXiUTK3NkbG0="
    },
    "slice-ansi": {
      "version": "0.0.4",
      "resolved": "https://registry.npmjs.org/slice-ansi/-/slice-ansi-0.0.4.tgz",
      "integrity": "sha1-7b+JA/ZvfOL46v1s7tZeJkyDGzU="
    },
    "slide": {
      "version": "1.1.6",
      "resolved": "https://registry.npmjs.org/slide/-/slide-1.1.6.tgz",
      "integrity": "sha1-VusCfWW00tzmyy4tMsTUr8nh1wc="
    },
    "sprintf-js": {
      "version": "1.0.3",
      "resolved": "https://registry.npmjs.org/sprintf-js/-/sprintf-js-1.0.3.tgz",
      "integrity": "sha1-BOaSb2YolTVPPdAVIDYzuFcpfiw="
    },
    "stream-to-observable": {
      "version": "0.2.0",
      "resolved": "https://registry.npmjs.org/stream-to-observable/-/stream-to-observable-0.2.0.tgz",
      "integrity": "sha1-WdbqOT2HwsDdrBCqDVYbxrpvDhA=",
      "requires": {
        "any-observable": "0.2.0"
      }
    },
    "string-width": {
      "version": "1.0.2",
      "resolved": "https://registry.npmjs.org/string-width/-/string-width-1.0.2.tgz",
      "integrity": "sha1-EYvfW4zcUaKn5w0hHgfisLmxB9M=",
      "requires": {
        "code-point-at": "1.1.0",
        "is-fullwidth-code-point": "1.0.0",
        "strip-ansi": "3.0.1"
      }
    },
    "strip-ansi": {
      "version": "3.0.1",
      "resolved": "https://registry.npmjs.org/strip-ansi/-/strip-ansi-3.0.1.tgz",
      "integrity": "sha1-ajhfuIU9lS1f8F0Oiq+UJ43GPc8=",
      "requires": {
        "ansi-regex": "2.1.1"
      }
    },
    "strip-bom": {
      "version": "3.0.0",
      "resolved": "https://registry.npmjs.org/strip-bom/-/strip-bom-3.0.0.tgz",
      "integrity": "sha1-IzTBjpx1n3vdVv3vfprj1YjmjtM="
    },
    "strip-eof": {
      "version": "1.0.0",
      "resolved": "https://registry.npmjs.org/strip-eof/-/strip-eof-1.0.0.tgz",
      "integrity": "sha1-u0P/VZim6wXYm1n80SnJgzE2Br8="
    },
    "supports-color": {
      "version": "2.0.0",
      "resolved": "https://registry.npmjs.org/supports-color/-/supports-color-2.0.0.tgz",
      "integrity": "sha1-U10EXOa2Nj+kARcIRimZXp3zJMc="
    },
    "symbol-observable": {
      "version": "0.2.4",
      "resolved": "https://registry.npmjs.org/symbol-observable/-/symbol-observable-0.2.4.tgz",
      "integrity": "sha1-lag9smGG1q9+ehjb2XYKL4bQj0A="
    },
    "url": {
      "version": "0.10.3",
      "resolved": "https://registry.npmjs.org/url/-/url-0.10.3.tgz",
      "integrity": "sha1-Ah5NnHcF8hu/N9A861h2dAJ3TGQ=",
      "requires": {
        "punycode": "1.3.2",
        "querystring": "0.2.0"
      }
    },
    "uuid": {
      "version": "3.0.1",
      "resolved": "https://registry.npmjs.org/uuid/-/uuid-3.0.1.tgz",
      "integrity": "sha1-ZUS7ot/ajBzxfmKaOjBeK7H+5sE="
    },
    "which": {
      "version": "1.3.0",
      "resolved": "https://registry.npmjs.org/which/-/which-1.3.0.tgz",
      "integrity": "sha512-xcJpopdamTuY5duC/KnTTNBraPK54YwpenP4lzxU8H91GudWpFv38u0CKjclE1Wi2EH2EDz5LRcHcKbCIzqGyg==",
      "requires": {
        "isexe": "2.0.0"
      }
    },
    "write-file-atomic": {
      "version": "1.3.4",
      "resolved": "https://registry.npmjs.org/write-file-atomic/-/write-file-atomic-1.3.4.tgz",
      "integrity": "sha1-+Aek8LHZ6ROuekgRLmzDrxmRtF8=",
      "requires": {
        "graceful-fs": "4.1.11",
        "imurmurhash": "0.1.4",
        "slide": "1.1.6"
      }
    },
    "write-file-atomically": {
      "version": "1.0.0",
      "resolved": "https://registry.npmjs.org/write-file-atomically/-/write-file-atomically-1.0.0.tgz",
      "integrity": "sha1-jEVRzDyS0GyAF/F2Cx6TspuG65k=",
      "requires": {
        "write-file-atomic": "1.3.4"
      }
    },
    "xml2js": {
      "version": "0.4.17",
      "resolved": "https://registry.npmjs.org/xml2js/-/xml2js-0.4.17.tgz",
      "integrity": "sha1-F76T6q4/O3eTWceVtBlwWogX6Gg=",
      "requires": {
        "sax": "1.2.1",
        "xmlbuilder": "4.2.1"
      }
    },
    "xmlbuilder": {
      "version": "4.2.1",
      "resolved": "https://registry.npmjs.org/xmlbuilder/-/xmlbuilder-4.2.1.tgz",
      "integrity": "sha1-qlijBBoGb5DqoWwvU4n/GfP0YaU=",
      "requires": {
        "lodash": "4.17.4"
      }
    },
    "yallist": {
      "version": "2.1.2",
      "resolved": "https://registry.npmjs.org/yallist/-/yallist-2.1.2.tgz",
      "integrity": "sha1-HBH5IY8HYImkfdUS+TxmmaaoHVI="
    }
  }
}
